
Microsoft Visual Studio Solution File, Format Version 10.00
# Visual Studio 2008
Project("{FAE04EC0-301F-11D3-BF4B-00C04F79EFBC}") = "ChatInterfaces", "ChatInterfaces\ChatInterfaces.csproj", "{83225D79-D1EA-4AC0-BD5E-BC6D245B4D0C}"
EndProject
Project("{FAE04EC0-301F-11D3-BF4B-00C04F79EFBC}") = "ChatServer", "ChatServer\ChatServer.csproj", "{5FC9A10C-B52B-4ED9-A0A9-6653541994F7}"
EndProject
Project("{FAE04EC0-301F-11D3-BF4B-00C04F79EFBC}") = "ChatClient", "ChatClient\ChatClient.csproj", "{E5648F0C-89E6-4979-A219-AEFC0AE188F7}"
EndProject
Global
	GlobalSection(SolutionConfigurationPlatforms) = preSolution
		Debug|Any CPU = Debug|Any CPU
		Release|Any CPU = Release|Any CPU
	EndGlobalSection
	GlobalSection(ProjectConfigurationPlatforms) = postSolution
		{83225D79-D1EA-4AC0-BD5E-BC6D245B4D0C}.Debug|Any CPU.ActiveCfg = Debug|Any CPU
		{83225D79-D1EA-4AC0-BD5E-BC6D245B4D0C}.Debug|Any CPU.Build.0 = Debug|Any CPU
		{83225D79-D1EA-4AC0-BD5E-BC6D245B4D0C}.Release|Any CPU.ActiveCfg = Release|Any CPU
		{83225D79-D1EA-4AC0-BD5E-BC6D245B4D0C}.Release|Any CPU.Build.0 = Release|Any CPU
		{5FC9A10C-B52B-4ED9-A0A9-6653541994F7}.Debug|Any CPU.ActiveCfg = Debug|Any CPU
		{5FC9A10C-B52B-4ED9-A0A9-6653541994F7}.Debug|Any CPU.Build.0 = Debug|Any CPU
		{5FC9A10C-B52B-4ED9-A0A9-6653541994F7}.Release|Any CPU.ActiveCfg = Release|Any CPU
		{5FC9A10C-B52B-4ED9-A0A9-6653541994F7}.Release|Any CPU.Build.0 = Release|Any CPU
		{E5648F0C-89E6-4979-A219-AEFC0AE188F7}.Debug|Any CPU.ActiveCfg = Debug|Any CPU
		{E5648F0C-89E6-4979-A219-AEFC0AE188F7}.Debug|Any CPU.Build.0 = Debug|Any CPU
		{E5648F0C-89E6-4979-A219-AEFC0AE188F7}.Release|Any CPU.ActiveCfg = Release|Any CPU
		{E5648F0C-89E6-4979-A219-AEFC0AE188F7}.Release|Any CPU.Build.0 = Release|Any CPU
	EndGlobalSection
	GlobalSection(SolutionProperties) = preSolution
		HideSolutionNode = FALSE
	EndGlobalSection
EndGlobal
